
Microsoft Visual Studio Solution File, Format Version 12.00
# Visual Studio 2012
Project("{FAE04EC0-301F-11D3-BF4B-00C04F79EFBC}") = "handlebars-sharp", "handlebars-sharp\handlebars-sharp.csproj", "{EFFD3A06-9289-418E-AC34-32745A3B72A5}"
EndProject
Global
	GlobalSection(SolutionConfigurationPlatforms) = preSolution
		Debug|Any CPU = Debug|Any CPU
		Release|Any CPU = Release|Any CPU
	EndGlobalSection
	GlobalSection(ProjectConfigurationPlatforms) = postSolution
		{EFFD3A06-9289-418E-AC34-32745A3B72A5}.Debug|Any CPU.ActiveCfg = Debug|Any CPU
		{EFFD3A06-9289-418E-AC34-32745A3B72A5}.Debug|Any CPU.Build.0 = Debug|Any CPU
		{EFFD3A06-9289-418E-AC34-32745A3B72A5}.Release|Any CPU.ActiveCfg = Release|Any CPU
		{EFFD3A06-9289-418E-AC34-32745A3B72A5}.Release|Any CPU.Build.0 = Release|Any CPU
	EndGlobalSection
	GlobalSection(SolutionProperties) = preSolution
		HideSolutionNode = FALSE
	EndGlobalSection
EndGlobal
